<Solution>
  <Project Path="AuthServices.Api/AuthServices.Api.csproj" />
  <Project Path="CatalogService.Api/CatalogService.Api.csproj" Id="c86462e2-df87-445c-bb60-5c0cc1423092" />
  <Project Path="GlobalResponse.Shared/GlobalResponse.Shared.csproj" Id="41d3ce37-ad9c-40c4-85ad-86071c8ceda2" />
  <Project Path="PaymentsService/PaymentsService.csproj" />
</Solution>
